
Microsoft Visual Studio Solution File, Format Version 12.00
# Visual Studio Version 17
VisualStudioVersion = 17.10.35013.160
MinimumVisualStudioVersion = 10.0.40219.1
Project("{9A19103F-16F7-4668-BE54-9A1E7A4F7556}") = "Ecommerce Store", "Ecommerce Store.csproj", "{DE36DA2E-9A16-4BA0-8F59-66B4A6931847}"
EndProject
Global
	GlobalSection(SolutionConfigurationPlatforms) = preSolution
		Debug|Any CPU = Debug|Any CPU
		Release|Any CPU = Release|Any CPU
	EndGlobalSection
	GlobalSection(ProjectConfigurationPlatforms) = postSolution
		{DE36DA2E-9A16-4BA0-8F59-66B4A6931847}.Debug|Any CPU.ActiveCfg = Debug|Any CPU
		{DE36DA2E-9A16-4BA0-8F59-66B4A6931847}.Debug|Any CPU.Build.0 = Debug|Any CPU
		{DE36DA2E-9A16-4BA0-8F59-66B4A6931847}.Release|Any CPU.ActiveCfg = Release|Any CPU
		{DE36DA2E-9A16-4BA0-8F59-66B4A6931847}.Release|Any CPU.Build.0 = Release|Any CPU
	EndGlobalSection
	GlobalSection(SolutionProperties) = preSolution
		HideSolutionNode = FALSE
	EndGlobalSection
	GlobalSection(ExtensibilityGlobals) = postSolution
		SolutionGuid = {49ABF547-3BA9-4EB1-80A2-A5E5CFC07590}
	EndGlobalSection
EndGlobal
